
Microsoft Visual Studio Solution File, Format Version 12.00
# Visual Studio Version 17
VisualStudioVersion = 17.1.32228.430
MinimumVisualStudioVersion = 10.0.40219.1
Project("{9A19103F-16F7-4668-BE54-9A1E7A4F7556}") = "MozifAppUI", "SuggestionAppUI\MozifAppUI.csproj", "{96F84EE2-46FC-4ACD-9517-920A42BD7CAC}"
EndProject
Project("{9A19103F-16F7-4668-BE54-9A1E7A4F7556}") = "MozifAppLibrary", "SugestionAppLibrary\MozifAppLibrary.csproj", "{101E6207-FBA0-4AB4-84D1-FBFBCBD2A5B2}"
EndProject
Global
	GlobalSection(SolutionConfigurationPlatforms) = preSolution
		Debug|Any CPU = Debug|Any CPU
		Release|Any CPU = Release|Any CPU
	EndGlobalSection
	GlobalSection(ProjectConfigurationPlatforms) = postSolution
		{96F84EE2-46FC-4ACD-9517-920A42BD7CAC}.Debug|Any CPU.ActiveCfg = Debug|Any CPU
		{96F84EE2-46FC-4ACD-9517-920A42BD7CAC}.Debug|Any CPU.Build.0 = Debug|Any CPU
		{96F84EE2-46FC-4ACD-9517-920A42BD7CAC}.Release|Any CPU.ActiveCfg = Release|Any CPU
		{96F84EE2-46FC-4ACD-9517-920A42BD7CAC}.Release|Any CPU.Build.0 = Release|Any CPU
		{101E6207-FBA0-4AB4-84D1-FBFBCBD2A5B2}.Debug|Any CPU.ActiveCfg = Debug|Any CPU
		{101E6207-FBA0-4AB4-84D1-FBFBCBD2A5B2}.Debug|Any CPU.Build.0 = Debug|Any CPU
		{101E6207-FBA0-4AB4-84D1-FBFBCBD2A5B2}.Release|Any CPU.ActiveCfg = Release|Any CPU
		{101E6207-FBA0-4AB4-84D1-FBFBCBD2A5B2}.Release|Any CPU.Build.0 = Release|Any CPU
	EndGlobalSection
	GlobalSection(SolutionProperties) = preSolution
		HideSolutionNode = FALSE
	EndGlobalSection
	GlobalSection(ExtensibilityGlobals) = postSolution
		SolutionGuid = {A4527984-6DC7-4DCF-B2F5-A43374E9FAB9}
	EndGlobalSection
EndGlobal
